
Microsoft Visual Studio Solution File, Format Version 12.00
# Visual Studio Version 16
VisualStudioVersion = 16.0.29519.181
MinimumVisualStudioVersion = 10.0.40219.1
Project("{9A19103F-16F7-4668-BE54-9A1E7A4F7556}") = "Demo", "Demo\Demo.csproj", "{24ABD440-4EB7-432E-8CC3-459605DF9748}"
EndProject
Project("{9A19103F-16F7-4668-BE54-9A1E7A4F7556}") = "Capitales", "Capitales\Capitales.csproj", "{52EC479D-116E-47E6-BBD1-87D5C8FFF10C}"
EndProject
Project("{9A19103F-16F7-4668-BE54-9A1E7A4F7556}") = "AnalyseMot", "AnalyseMot\AnalyseMot.csproj", "{7F1061A4-BB29-4762-A5EB-665D12C07F4B}"
EndProject
Project("{9A19103F-16F7-4668-BE54-9A1E7A4F7556}") = "MoisSaisons", "MoisSaisons\MoisSaisons.csproj", "{7AD53E59-9D28-49D4-BB98-8FF7B6C5018E}"
EndProject
Project("{9A19103F-16F7-4668-BE54-9A1E7A4F7556}") = "PGCD", "PGCD\PGCD.csproj", "{1890CE19-D98D-4275-94A5-D7468378F904}"
EndProject
Project("{9A19103F-16F7-4668-BE54-9A1E7A4F7556}") = "TriTableau", "TriTableau\TriTableau.csproj", "{72FA89CB-5CA0-4FA6-83E0-592DA9FD81DE}"
EndProject
Project("{9A19103F-16F7-4668-BE54-9A1E7A4F7556}") = "CreationCompte", "CreationCompte\CreationCompte.csproj", "{4BA05F5C-E71F-4209-A547-706E9258FAE7}"
EndProject
Project("{9A19103F-16F7-4668-BE54-9A1E7A4F7556}") = "EcritureNote", "EcritureNote\EcritureNote.csproj", "{8D43CAD9-5486-4155-88A7-C0BCFC3606ED}"
EndProject
Project("{9A19103F-16F7-4668-BE54-9A1E7A4F7556}") = "Boites", "Boites\Boites.csproj", "{BFD27A0B-8CF4-454D-83BD-BE300C74FC44}"
EndProject
Project("{9A19103F-16F7-4668-BE54-9A1E7A4F7556}") = "Vehicules", "Vehicules\Vehicules.csproj", "{98C343A5-855D-42E6-8A28-6DC340A3A990}"
EndProject
Project("{FAE04EC0-301F-11D3-BF4B-00C04F79EFBC}") = "Pendu", "Pendu\Pendu.csproj", "{3F80F0B5-23E9-47C1-AFE4-2037BC0B8615}"
EndProject
Project("{FAE04EC0-301F-11D3-BF4B-00C04F79EFBC}") = "ReleveMeteo", "ReleveMeteo\ReleveMeteo.csproj", "{8B50123D-4089-493D-81A7-FCCC14EA89DE}"
EndProject
Global
	GlobalSection(SolutionConfigurationPlatforms) = preSolution
		Debug|Any CPU = Debug|Any CPU
		Release|Any CPU = Release|Any CPU
	EndGlobalSection
	GlobalSection(ProjectConfigurationPlatforms) = postSolution
		{24ABD440-4EB7-432E-8CC3-459605DF9748}.Debug|Any CPU.ActiveCfg = Debug|Any CPU
		{24ABD440-4EB7-432E-8CC3-459605DF9748}.Debug|Any CPU.Build.0 = Debug|Any CPU
		{24ABD440-4EB7-432E-8CC3-459605DF9748}.Release|Any CPU.ActiveCfg = Release|Any CPU
		{24ABD440-4EB7-432E-8CC3-459605DF9748}.Release|Any CPU.Build.0 = Release|Any CPU
		{52EC479D-116E-47E6-BBD1-87D5C8FFF10C}.Debug|Any CPU.ActiveCfg = Debug|Any CPU
		{52EC479D-116E-47E6-BBD1-87D5C8FFF10C}.Debug|Any CPU.Build.0 = Debug|Any CPU
		{52EC479D-116E-47E6-BBD1-87D5C8FFF10C}.Release|Any CPU.ActiveCfg = Release|Any CPU
		{52EC479D-116E-47E6-BBD1-87D5C8FFF10C}.Release|Any CPU.Build.0 = Release|Any CPU
		{7F1061A4-BB29-4762-A5EB-665D12C07F4B}.Debug|Any CPU.ActiveCfg = Debug|Any CPU
		{7F1061A4-BB29-4762-A5EB-665D12C07F4B}.Debug|Any CPU.Build.0 = Debug|Any CPU
		{7F1061A4-BB29-4762-A5EB-665D12C07F4B}.Release|Any CPU.ActiveCfg = Release|Any CPU
		{7F1061A4-BB29-4762-A5EB-665D12C07F4B}.Release|Any CPU.Build.0 = Release|Any CPU
		{7AD53E59-9D28-49D4-BB98-8FF7B6C5018E}.Debug|Any CPU.ActiveCfg = Debug|Any CPU
		{7AD53E59-9D28-49D4-BB98-8FF7B6C5018E}.Debug|Any CPU.Build.0 = Debug|Any CPU
		{7AD53E59-9D28-49D4-BB98-8FF7B6C5018E}.Release|Any CPU.ActiveCfg = Release|Any CPU
		{7AD53E59-9D28-49D4-BB98-8FF7B6C5018E}.Release|Any CPU.Build.0 = Release|Any CPU
		{1890CE19-D98D-4275-94A5-D7468378F904}.Debug|Any CPU.ActiveCfg = Debug|Any CPU
		{1890CE19-D98D-4275-94A5-D7468378F904}.Debug|Any CPU.Build.0 = Debug|Any CPU
		{1890CE19-D98D-4275-94A5-D7468378F904}.Release|Any CPU.ActiveCfg = Release|Any CPU
		{1890CE19-D98D-4275-94A5-D7468378F904}.Release|Any CPU.Build.0 = Release|Any CPU
		{72FA89CB-5CA0-4FA6-83E0-592DA9FD81DE}.Debug|Any CPU.ActiveCfg = Debug|Any CPU
		{72FA89CB-5CA0-4FA6-83E0-592DA9FD81DE}.Debug|Any CPU.Build.0 = Debug|Any CPU
		{72FA89CB-5CA0-4FA6-83E0-592DA9FD81DE}.Release|Any CPU.ActiveCfg = Release|Any CPU
		{72FA89CB-5CA0-4FA6-83E0-592DA9FD81DE}.Release|Any CPU.Build.0 = Release|Any CPU
		{4BA05F5C-E71F-4209-A547-706E9258FAE7}.Debug|Any CPU.ActiveCfg = Debug|Any CPU
		{4BA05F5C-E71F-4209-A547-706E9258FAE7}.Debug|Any CPU.Build.0 = Debug|Any CPU
		{4BA05F5C-E71F-4209-A547-706E9258FAE7}.Release|Any CPU.ActiveCfg = Release|Any CPU
		{4BA05F5C-E71F-4209-A547-706E9258FAE7}.Release|Any CPU.Build.0 = Release|Any CPU
		{8D43CAD9-5486-4155-88A7-C0BCFC3606ED}.Debug|Any CPU.ActiveCfg = Debug|Any CPU
		{8D43CAD9-5486-4155-88A7-C0BCFC3606ED}.Debug|Any CPU.Build.0 = Debug|Any CPU
		{8D43CAD9-5486-4155-88A7-C0BCFC3606ED}.Release|Any CPU.ActiveCfg = Release|Any CPU
		{8D43CAD9-5486-4155-88A7-C0BCFC3606ED}.Release|Any CPU.Build.0 = Release|Any CPU
		{BFD27A0B-8CF4-454D-83BD-BE300C74FC44}.Debug|Any CPU.ActiveCfg = Debug|Any CPU
		{BFD27A0B-8CF4-454D-83BD-BE300C74FC44}.Debug|Any CPU.Build.0 = Debug|Any CPU
		{BFD27A0B-8CF4-454D-83BD-BE300C74FC44}.Release|Any CPU.ActiveCfg = Release|Any CPU
		{BFD27A0B-8CF4-454D-83BD-BE300C74FC44}.Release|Any CPU.Build.0 = Release|Any CPU
		{98C343A5-855D-42E6-8A28-6DC340A3A990}.Debug|Any CPU.ActiveCfg = Debug|Any CPU
		{98C343A5-855D-42E6-8A28-6DC340A3A990}.Debug|Any CPU.Build.0 = Debug|Any CPU
		{98C343A5-855D-42E6-8A28-6DC340A3A990}.Release|Any CPU.ActiveCfg = Release|Any CPU
		{98C343A5-855D-42E6-8A28-6DC340A3A990}.Release|Any CPU.Build.0 = Release|Any CPU
		{3F80F0B5-23E9-47C1-AFE4-2037BC0B8615}.Debug|Any CPU.ActiveCfg = Debug|Any CPU
		{3F80F0B5-23E9-47C1-AFE4-2037BC0B8615}.Debug|Any CPU.Build.0 = Debug|Any CPU
		{3F80F0B5-23E9-47C1-AFE4-2037BC0B8615}.Release|Any CPU.ActiveCfg = Release|Any CPU
		{3F80F0B5-23E9-47C1-AFE4-2037BC0B8615}.Release|Any CPU.Build.0 = Release|Any CPU
		{8B50123D-4089-493D-81A7-FCCC14EA89DE}.Debug|Any CPU.ActiveCfg = Debug|Any CPU
		{8B50123D-4089-493D-81A7-FCCC14EA89DE}.Debug|Any CPU.Build.0 = Debug|Any CPU
		{8B50123D-4089-493D-81A7-FCCC14EA89DE}.Release|Any CPU.ActiveCfg = Release|Any CPU
		{8B50123D-4089-493D-81A7-FCCC14EA89DE}.Release|Any CPU.Build.0 = Release|Any CPU
	EndGlobalSection
	GlobalSection(SolutionProperties) = preSolution
		HideSolutionNode = FALSE
	EndGlobalSection
	GlobalSection(ExtensibilityGlobals) = postSolution
		SolutionGuid = {FF6E063D-4CC6-4FB1-9D93-63511F365FDE}
	EndGlobalSection
EndGlobal
